
Microsoft Visual Studio Solution File, Format Version 12.00
# Visual Studio Version 17
VisualStudioVersion = 17.4.33403.182
MinimumVisualStudioVersion = 10.0.40219.1
Project("{FAE04EC0-301F-11D3-BF4B-00C04F79EFBC}") = "api", "api.csproj", "{143C067C-091B-48A2-A3A1-4BF04FE9DCBE}"
EndProject
Global
	GlobalSection(SolutionConfigurationPlatforms) = preSolution
		Debug|Any CPU = Debug|Any CPU
		Release|Any CPU = Release|Any CPU
	EndGlobalSection
	GlobalSection(ProjectConfigurationPlatforms) = postSolution
		{143C067C-091B-48A2-A3A1-4BF04FE9DCBE}.Debug|Any CPU.ActiveCfg = Debug|Any CPU
		{143C067C-091B-48A2-A3A1-4BF04FE9DCBE}.Debug|Any CPU.Build.0 = Debug|Any CPU
		{143C067C-091B-48A2-A3A1-4BF04FE9DCBE}.Release|Any CPU.ActiveCfg = Release|Any CPU
		{143C067C-091B-48A2-A3A1-4BF04FE9DCBE}.Release|Any CPU.Build.0 = Release|Any CPU
	EndGlobalSection
	GlobalSection(SolutionProperties) = preSolution
		HideSolutionNode = FALSE
	EndGlobalSection
	GlobalSection(ExtensibilityGlobals) = postSolution
		SolutionGuid = {6C17F1CF-B279-4571-AD8B-44580523BA1E}
	EndGlobalSection
EndGlobal
