
Microsoft Visual Studio Solution File, Format Version 12.00
# Visual Studio Version 17
VisualStudioVersion = 17.4.33403.182
MinimumVisualStudioVersion = 10.0.40219.1
Project("{9A19103F-16F7-4668-BE54-9A1E7A4F7556}") = "api", "api.csproj", "{143C067C-091B-48A2-A3A1-4BF04FE9DCBE}"
EndProject
Project("{9A19103F-16F7-4668-BE54-9A1E7A4F7556}") = "dll", "..\dll\dll.csproj", "{DD203401-CE9A-447E-8A83-B9571EE7F400}"
EndProject
Project("{9A19103F-16F7-4668-BE54-9A1E7A4F7556}") = "viewmodels", "..\viewmodels\viewmodels.csproj", "{8E1F2F2C-AB44-44A0-A5A5-84FE492B1B16}"
EndProject
Global
	GlobalSection(SolutionConfigurationPlatforms) = preSolution
		Debug|Any CPU = Debug|Any CPU
		Release|Any CPU = Release|Any CPU
	EndGlobalSection
	GlobalSection(ProjectConfigurationPlatforms) = postSolution
		{143C067C-091B-48A2-A3A1-4BF04FE9DCBE}.Debug|Any CPU.ActiveCfg = Debug|Any CPU
		{143C067C-091B-48A2-A3A1-4BF04FE9DCBE}.Debug|Any CPU.Build.0 = Debug|Any CPU
		{143C067C-091B-48A2-A3A1-4BF04FE9DCBE}.Release|Any CPU.ActiveCfg = Release|Any CPU
		{143C067C-091B-48A2-A3A1-4BF04FE9DCBE}.Release|Any CPU.Build.0 = Release|Any CPU
		{DD203401-CE9A-447E-8A83-B9571EE7F400}.Debug|Any CPU.ActiveCfg = Debug|Any CPU
		{DD203401-CE9A-447E-8A83-B9571EE7F400}.Debug|Any CPU.Build.0 = Debug|Any CPU
		{DD203401-CE9A-447E-8A83-B9571EE7F400}.Release|Any CPU.ActiveCfg = Release|Any CPU
		{DD203401-CE9A-447E-8A83-B9571EE7F400}.Release|Any CPU.Build.0 = Release|Any CPU
		{8E1F2F2C-AB44-44A0-A5A5-84FE492B1B16}.Debug|Any CPU.ActiveCfg = Debug|Any CPU
		{8E1F2F2C-AB44-44A0-A5A5-84FE492B1B16}.Debug|Any CPU.Build.0 = Debug|Any CPU
		{8E1F2F2C-AB44-44A0-A5A5-84FE492B1B16}.Release|Any CPU.ActiveCfg = Release|Any CPU
		{8E1F2F2C-AB44-44A0-A5A5-84FE492B1B16}.Release|Any CPU.Build.0 = Release|Any CPU
	EndGlobalSection
	GlobalSection(SolutionProperties) = preSolution
		HideSolutionNode = FALSE
	EndGlobalSection
	GlobalSection(ExtensibilityGlobals) = postSolution
		SolutionGuid = {6C17F1CF-B279-4571-AD8B-44580523BA1E}
	EndGlobalSection
EndGlobal
